
Microsoft Visual Studio Solution File, Format Version 12.00
# Visual Studio 15
VisualStudioVersion = 15.0.28010.2026
MinimumVisualStudioVersion = 10.0.40219.1
Project("{FAE04EC0-301F-11D3-BF4B-00C04F79EFBC}") = "ContosoUniversity2", "ContosoUniversity2\ContosoUniversity2.csproj", "{C39BC368-EC3A-4D17-9DE1-EBB337E183AC}"
EndProject
Global
	GlobalSection(SolutionConfigurationPlatforms) = preSolution
		Debug|Any CPU = Debug|Any CPU
		Release|Any CPU = Release|Any CPU
	EndGlobalSection
	GlobalSection(ProjectConfigurationPlatforms) = postSolution
		{C39BC368-EC3A-4D17-9DE1-EBB337E183AC}.Debug|Any CPU.ActiveCfg = Debug|Any CPU
		{C39BC368-EC3A-4D17-9DE1-EBB337E183AC}.Debug|Any CPU.Build.0 = Debug|Any CPU
		{C39BC368-EC3A-4D17-9DE1-EBB337E183AC}.Release|Any CPU.ActiveCfg = Release|Any CPU
		{C39BC368-EC3A-4D17-9DE1-EBB337E183AC}.Release|Any CPU.Build.0 = Release|Any CPU
	EndGlobalSection
	GlobalSection(SolutionProperties) = preSolution
		HideSolutionNode = FALSE
	EndGlobalSection
	GlobalSection(ExtensibilityGlobals) = postSolution
		SolutionGuid = {3E182096-1B52-485F-9BF0-02D45CE48BC3}
	EndGlobalSection
EndGlobal
